
Microsoft Visual Studio Solution File, Format Version 12.00
# Visual Studio 15
VisualStudioVersion = 15.0.26124.0
MinimumVisualStudioVersion = 15.0.26124.0
Project("{2150E333-8FDC-42A3-9474-1A3956D46DE8}") = "IOBootstrap-NET", "IOBootstrap-NET", "{03805CD0-C859-11EA-90F1-E17C254A2970}"
EndProject
Project("{FAE04EC0-301F-11D3-BF4B-00C04F79EFBC}") = "IOBootstrap.NET.Application", "Application\IOBootstrap.NET.Application.csproj", "{004D8010-FF94-4E9A-97A9-0819032931C6}"
EndProject
Project("{FAE04EC0-301F-11D3-BF4B-00C04F79EFBC}") = "IOBootstrap.NET.BackOffice", "BackOffice\IOBootstrap.NET.BackOffice.csproj", "{79B1251E-5FD3-4DAE-927F-EF9E4D1D2F86}"
EndProject
Project("{FAE04EC0-301F-11D3-BF4B-00C04F79EFBC}") = "IOBootstrap.NET.Core", "Core\IOBootstrap.NET.Core.csproj", "{C9AEE1AF-30D3-4D03-A0BD-4091ACCFBB42}"
EndProject
Project("{FAE04EC0-301F-11D3-BF4B-00C04F79EFBC}") = "IOBootstrap.NET.WebApi", "WebApi\IOBootstrap.NET.WebApi.csproj", "{F0088AB7-1755-4C99-A01D-68B43B7EE900}"
EndProject
Project("{2150E333-8FDC-42A3-9474-1A3956D46DE8}") = "Common", "Common", "{EAC7FD60-8CBF-11EC-B1C2-4BEA1831320F}"
EndProject
Project("{FAE04EC0-301F-11D3-BF4B-00C04F79EFBC}") = "IOBootstrap.NET.Common", "Common\IOBootstrap.NET.Common.csproj", "{EB00E896-7B99-4196-8D9D-4959226B8CAB}"
EndProject
Project("{2150E333-8FDC-42A3-9474-1A3956D46DE8}") = "Application", "Application", "{2F5A6F50-8CC3-11EC-B1C2-4BEA1831320F}"
EndProject
Project("{2150E333-8FDC-42A3-9474-1A3956D46DE8}") = "Default", "Default", "{56829E6E-4619-474F-8F6A-179F397D8E72}"
EndProject
Project("{FAE04EC0-301F-11D3-BF4B-00C04F79EFBC}") = "IOBootstrap.NET.Default.Application", "Default\Application\IOBootstrap.NET.Default.Application.csproj", "{4BDDC717-EE6B-4325-A343-8634E8C32C96}"
EndProject
Project("{FAE04EC0-301F-11D3-BF4B-00C04F79EFBC}") = "IOBootstrap.NET.Default.Functions", "Default\Functions\IOBootstrap.NET.Default.Functions.csproj", "{7A789CA3-C29D-4704-BD83-1F85B06C4C51}"
EndProject
Project("{2150E333-8FDC-42A3-9474-1A3956D46DE8}") = "Functions", "Functions", "{BC58A7E1-7955-4995-A4F7-7318E0B6C6C3}"
EndProject
Project("{FAE04EC0-301F-11D3-BF4B-00C04F79EFBC}") = "IOBootstrap.NET.Functions", "Functions\Functions\IOBootstrap.NET.Functions.csproj", "{DAC672F9-217C-495B-A68B-FBF660B0B469}"
EndProject
Project("{FAE04EC0-301F-11D3-BF4B-00C04F79EFBC}") = "IOBootstrap.NET.PushNotificationFunctionHelper", "Functions\PushNotificationFunctionHelper\IOBootstrap.NET.PushNotificationFunctionHelper.csproj", "{E3128308-9C00-4D87-9FE9-469419F5C215}"
EndProject
Project("{FAE04EC0-301F-11D3-BF4B-00C04F79EFBC}") = "IOBootstrap.NET.DataAccess", "DataAccess\IOBootstrap.NET.DataAccess.csproj", "{22D1A92A-3A87-4A47-8584-83995C3A396B}"
EndProject
Project("{2150E333-8FDC-42A3-9474-1A3956D46DE8}") = "DataAccess", "DataAccess", "{B06E1E5A-F64F-4314-95F9-1D6A8BC66171}"
EndProject
Project("{FAE04EC0-301F-11D3-BF4B-00C04F79EFBC}") = "IOBootstrap.NET.FunctionsApi", "FunctionsApi\IOBootstrap.NET.FunctionsApi.csproj", "{996CB270-96B1-4B5A-9841-E26012BCB1D4}"
EndProject
Global
	GlobalSection(SolutionConfigurationPlatforms) = preSolution
		Debug|Any CPU = Debug|Any CPU
		Debug|x64 = Debug|x64
		Debug|x86 = Debug|x86
		Release|Any CPU = Release|Any CPU
		Release|x64 = Release|x64
		Release|x86 = Release|x86
	EndGlobalSection
	GlobalSection(SolutionProperties) = preSolution
		HideSolutionNode = FALSE
	EndGlobalSection
	GlobalSection(ProjectConfigurationPlatforms) = postSolution
		{004D8010-FF94-4E9A-97A9-0819032931C6}.Debug|Any CPU.ActiveCfg = Debug|Any CPU
		{004D8010-FF94-4E9A-97A9-0819032931C6}.Debug|Any CPU.Build.0 = Debug|Any CPU
		{004D8010-FF94-4E9A-97A9-0819032931C6}.Debug|x64.ActiveCfg = Debug|Any CPU
		{004D8010-FF94-4E9A-97A9-0819032931C6}.Debug|x64.Build.0 = Debug|Any CPU
		{004D8010-FF94-4E9A-97A9-0819032931C6}.Debug|x86.ActiveCfg = Debug|Any CPU
		{004D8010-FF94-4E9A-97A9-0819032931C6}.Debug|x86.Build.0 = Debug|Any CPU
		{004D8010-FF94-4E9A-97A9-0819032931C6}.Release|Any CPU.ActiveCfg = Release|Any CPU
		{004D8010-FF94-4E9A-97A9-0819032931C6}.Release|Any CPU.Build.0 = Release|Any CPU
		{004D8010-FF94-4E9A-97A9-0819032931C6}.Release|x64.ActiveCfg = Release|Any CPU
		{004D8010-FF94-4E9A-97A9-0819032931C6}.Release|x64.Build.0 = Release|Any CPU
		{004D8010-FF94-4E9A-97A9-0819032931C6}.Release|x86.ActiveCfg = Release|Any CPU
		{004D8010-FF94-4E9A-97A9-0819032931C6}.Release|x86.Build.0 = Release|Any CPU
		{79B1251E-5FD3-4DAE-927F-EF9E4D1D2F86}.Debug|Any CPU.ActiveCfg = Debug|Any CPU
		{79B1251E-5FD3-4DAE-927F-EF9E4D1D2F86}.Debug|Any CPU.Build.0 = Debug|Any CPU
		{79B1251E-5FD3-4DAE-927F-EF9E4D1D2F86}.Debug|x64.ActiveCfg = Debug|Any CPU
		{79B1251E-5FD3-4DAE-927F-EF9E4D1D2F86}.Debug|x64.Build.0 = Debug|Any CPU
		{79B1251E-5FD3-4DAE-927F-EF9E4D1D2F86}.Debug|x86.ActiveCfg = Debug|Any CPU
		{79B1251E-5FD3-4DAE-927F-EF9E4D1D2F86}.Debug|x86.Build.0 = Debug|Any CPU
		{79B1251E-5FD3-4DAE-927F-EF9E4D1D2F86}.Release|Any CPU.ActiveCfg = Release|Any CPU
		{79B1251E-5FD3-4DAE-927F-EF9E4D1D2F86}.Release|Any CPU.Build.0 = Release|Any CPU
		{79B1251E-5FD3-4DAE-927F-EF9E4D1D2F86}.Release|x64.ActiveCfg = Release|Any CPU
		{79B1251E-5FD3-4DAE-927F-EF9E4D1D2F86}.Release|x64.Build.0 = Release|Any CPU
		{79B1251E-5FD3-4DAE-927F-EF9E4D1D2F86}.Release|x86.ActiveCfg = Release|Any CPU
		{79B1251E-5FD3-4DAE-927F-EF9E4D1D2F86}.Release|x86.Build.0 = Release|Any CPU
		{C9AEE1AF-30D3-4D03-A0BD-4091ACCFBB42}.Debug|Any CPU.ActiveCfg = Debug|Any CPU
		{C9AEE1AF-30D3-4D03-A0BD-4091ACCFBB42}.Debug|Any CPU.Build.0 = Debug|Any CPU
		{C9AEE1AF-30D3-4D03-A0BD-4091ACCFBB42}.Debug|x64.ActiveCfg = Debug|Any CPU
		{C9AEE1AF-30D3-4D03-A0BD-4091ACCFBB42}.Debug|x64.Build.0 = Debug|Any CPU
		{C9AEE1AF-30D3-4D03-A0BD-4091ACCFBB42}.Debug|x86.ActiveCfg = Debug|Any CPU
		{C9AEE1AF-30D3-4D03-A0BD-4091ACCFBB42}.Debug|x86.Build.0 = Debug|Any CPU
		{C9AEE1AF-30D3-4D03-A0BD-4091ACCFBB42}.Release|Any CPU.ActiveCfg = Release|Any CPU
		{C9AEE1AF-30D3-4D03-A0BD-4091ACCFBB42}.Release|Any CPU.Build.0 = Release|Any CPU
		{C9AEE1AF-30D3-4D03-A0BD-4091ACCFBB42}.Release|x64.ActiveCfg = Release|Any CPU
		{C9AEE1AF-30D3-4D03-A0BD-4091ACCFBB42}.Release|x64.Build.0 = Release|Any CPU
		{C9AEE1AF-30D3-4D03-A0BD-4091ACCFBB42}.Release|x86.ActiveCfg = Release|Any CPU
		{C9AEE1AF-30D3-4D03-A0BD-4091ACCFBB42}.Release|x86.Build.0 = Release|Any CPU
		{F0088AB7-1755-4C99-A01D-68B43B7EE900}.Debug|Any CPU.ActiveCfg = Debug|Any CPU
		{F0088AB7-1755-4C99-A01D-68B43B7EE900}.Debug|Any CPU.Build.0 = Debug|Any CPU
		{F0088AB7-1755-4C99-A01D-68B43B7EE900}.Debug|x64.ActiveCfg = Debug|Any CPU
		{F0088AB7-1755-4C99-A01D-68B43B7EE900}.Debug|x64.Build.0 = Debug|Any CPU
		{F0088AB7-1755-4C99-A01D-68B43B7EE900}.Debug|x86.ActiveCfg = Debug|Any CPU
		{F0088AB7-1755-4C99-A01D-68B43B7EE900}.Debug|x86.Build.0 = Debug|Any CPU
		{F0088AB7-1755-4C99-A01D-68B43B7EE900}.Release|Any CPU.ActiveCfg = Release|Any CPU
		{F0088AB7-1755-4C99-A01D-68B43B7EE900}.Release|Any CPU.Build.0 = Release|Any CPU
		{F0088AB7-1755-4C99-A01D-68B43B7EE900}.Release|x64.ActiveCfg = Release|Any CPU
		{F0088AB7-1755-4C99-A01D-68B43B7EE900}.Release|x64.Build.0 = Release|Any CPU
		{F0088AB7-1755-4C99-A01D-68B43B7EE900}.Release|x86.ActiveCfg = Release|Any CPU
		{F0088AB7-1755-4C99-A01D-68B43B7EE900}.Release|x86.Build.0 = Release|Any CPU
		{EB00E896-7B99-4196-8D9D-4959226B8CAB}.Debug|Any CPU.ActiveCfg = Debug|Any CPU
		{EB00E896-7B99-4196-8D9D-4959226B8CAB}.Debug|Any CPU.Build.0 = Debug|Any CPU
		{EB00E896-7B99-4196-8D9D-4959226B8CAB}.Debug|x64.ActiveCfg = Debug|Any CPU
		{EB00E896-7B99-4196-8D9D-4959226B8CAB}.Debug|x64.Build.0 = Debug|Any CPU
		{EB00E896-7B99-4196-8D9D-4959226B8CAB}.Debug|x86.ActiveCfg = Debug|Any CPU
		{EB00E896-7B99-4196-8D9D-4959226B8CAB}.Debug|x86.Build.0 = Debug|Any CPU
		{EB00E896-7B99-4196-8D9D-4959226B8CAB}.Release|Any CPU.ActiveCfg = Release|Any CPU
		{EB00E896-7B99-4196-8D9D-4959226B8CAB}.Release|Any CPU.Build.0 = Release|Any CPU
		{EB00E896-7B99-4196-8D9D-4959226B8CAB}.Release|x64.ActiveCfg = Release|Any CPU
		{EB00E896-7B99-4196-8D9D-4959226B8CAB}.Release|x64.Build.0 = Release|Any CPU
		{EB00E896-7B99-4196-8D9D-4959226B8CAB}.Release|x86.ActiveCfg = Release|Any CPU
		{EB00E896-7B99-4196-8D9D-4959226B8CAB}.Release|x86.Build.0 = Release|Any CPU
		{4BDDC717-EE6B-4325-A343-8634E8C32C96}.Debug|Any CPU.ActiveCfg = Debug|Any CPU
		{4BDDC717-EE6B-4325-A343-8634E8C32C96}.Debug|Any CPU.Build.0 = Debug|Any CPU
		{4BDDC717-EE6B-4325-A343-8634E8C32C96}.Debug|x64.ActiveCfg = Debug|Any CPU
		{4BDDC717-EE6B-4325-A343-8634E8C32C96}.Debug|x64.Build.0 = Debug|Any CPU
		{4BDDC717-EE6B-4325-A343-8634E8C32C96}.Debug|x86.ActiveCfg = Debug|Any CPU
		{4BDDC717-EE6B-4325-A343-8634E8C32C96}.Debug|x86.Build.0 = Debug|Any CPU
		{4BDDC717-EE6B-4325-A343-8634E8C32C96}.Release|Any CPU.ActiveCfg = Release|Any CPU
		{4BDDC717-EE6B-4325-A343-8634E8C32C96}.Release|Any CPU.Build.0 = Release|Any CPU
		{4BDDC717-EE6B-4325-A343-8634E8C32C96}.Release|x64.ActiveCfg = Release|Any CPU
		{4BDDC717-EE6B-4325-A343-8634E8C32C96}.Release|x64.Build.0 = Release|Any CPU
		{4BDDC717-EE6B-4325-A343-8634E8C32C96}.Release|x86.ActiveCfg = Release|Any CPU
		{4BDDC717-EE6B-4325-A343-8634E8C32C96}.Release|x86.Build.0 = Release|Any CPU
		{7A789CA3-C29D-4704-BD83-1F85B06C4C51}.Debug|Any CPU.ActiveCfg = Debug|Any CPU
		{7A789CA3-C29D-4704-BD83-1F85B06C4C51}.Debug|Any CPU.Build.0 = Debug|Any CPU
		{7A789CA3-C29D-4704-BD83-1F85B06C4C51}.Debug|x64.ActiveCfg = Debug|Any CPU
		{7A789CA3-C29D-4704-BD83-1F85B06C4C51}.Debug|x64.Build.0 = Debug|Any CPU
		{7A789CA3-C29D-4704-BD83-1F85B06C4C51}.Debug|x86.ActiveCfg = Debug|Any CPU
		{7A789CA3-C29D-4704-BD83-1F85B06C4C51}.Debug|x86.Build.0 = Debug|Any CPU
		{7A789CA3-C29D-4704-BD83-1F85B06C4C51}.Release|Any CPU.ActiveCfg = Release|Any CPU
		{7A789CA3-C29D-4704-BD83-1F85B06C4C51}.Release|Any CPU.Build.0 = Release|Any CPU
		{7A789CA3-C29D-4704-BD83-1F85B06C4C51}.Release|x64.ActiveCfg = Release|Any CPU
		{7A789CA3-C29D-4704-BD83-1F85B06C4C51}.Release|x64.Build.0 = Release|Any CPU
		{7A789CA3-C29D-4704-BD83-1F85B06C4C51}.Release|x86.ActiveCfg = Release|Any CPU
		{7A789CA3-C29D-4704-BD83-1F85B06C4C51}.Release|x86.Build.0 = Release|Any CPU
		{DAC672F9-217C-495B-A68B-FBF660B0B469}.Debug|Any CPU.ActiveCfg = Debug|Any CPU
		{DAC672F9-217C-495B-A68B-FBF660B0B469}.Debug|Any CPU.Build.0 = Debug|Any CPU
		{DAC672F9-217C-495B-A68B-FBF660B0B469}.Debug|x64.ActiveCfg = Debug|Any CPU
		{DAC672F9-217C-495B-A68B-FBF660B0B469}.Debug|x64.Build.0 = Debug|Any CPU
		{DAC672F9-217C-495B-A68B-FBF660B0B469}.Debug|x86.ActiveCfg = Debug|Any CPU
		{DAC672F9-217C-495B-A68B-FBF660B0B469}.Debug|x86.Build.0 = Debug|Any CPU
		{DAC672F9-217C-495B-A68B-FBF660B0B469}.Release|Any CPU.ActiveCfg = Release|Any CPU
		{DAC672F9-217C-495B-A68B-FBF660B0B469}.Release|Any CPU.Build.0 = Release|Any CPU
		{DAC672F9-217C-495B-A68B-FBF660B0B469}.Release|x64.ActiveCfg = Release|Any CPU
		{DAC672F9-217C-495B-A68B-FBF660B0B469}.Release|x64.Build.0 = Release|Any CPU
		{DAC672F9-217C-495B-A68B-FBF660B0B469}.Release|x86.ActiveCfg = Release|Any CPU
		{DAC672F9-217C-495B-A68B-FBF660B0B469}.Release|x86.Build.0 = Release|Any CPU
		{E3128308-9C00-4D87-9FE9-469419F5C215}.Debug|Any CPU.ActiveCfg = Debug|Any CPU
		{E3128308-9C00-4D87-9FE9-469419F5C215}.Debug|Any CPU.Build.0 = Debug|Any CPU
		{E3128308-9C00-4D87-9FE9-469419F5C215}.Debug|x64.ActiveCfg = Debug|Any CPU
		{E3128308-9C00-4D87-9FE9-469419F5C215}.Debug|x64.Build.0 = Debug|Any CPU
		{E3128308-9C00-4D87-9FE9-469419F5C215}.Debug|x86.ActiveCfg = Debug|Any CPU
		{E3128308-9C00-4D87-9FE9-469419F5C215}.Debug|x86.Build.0 = Debug|Any CPU
		{E3128308-9C00-4D87-9FE9-469419F5C215}.Release|Any CPU.ActiveCfg = Release|Any CPU
		{E3128308-9C00-4D87-9FE9-469419F5C215}.Release|Any CPU.Build.0 = Release|Any CPU
		{E3128308-9C00-4D87-9FE9-469419F5C215}.Release|x64.ActiveCfg = Release|Any CPU
		{E3128308-9C00-4D87-9FE9-469419F5C215}.Release|x64.Build.0 = Release|Any CPU
		{E3128308-9C00-4D87-9FE9-469419F5C215}.Release|x86.ActiveCfg = Release|Any CPU
		{E3128308-9C00-4D87-9FE9-469419F5C215}.Release|x86.Build.0 = Release|Any CPU
		{22D1A92A-3A87-4A47-8584-83995C3A396B}.Debug|Any CPU.ActiveCfg = Debug|Any CPU
		{22D1A92A-3A87-4A47-8584-83995C3A396B}.Debug|Any CPU.Build.0 = Debug|Any CPU
		{22D1A92A-3A87-4A47-8584-83995C3A396B}.Debug|x64.ActiveCfg = Debug|Any CPU
		{22D1A92A-3A87-4A47-8584-83995C3A396B}.Debug|x64.Build.0 = Debug|Any CPU
		{22D1A92A-3A87-4A47-8584-83995C3A396B}.Debug|x86.ActiveCfg = Debug|Any CPU
		{22D1A92A-3A87-4A47-8584-83995C3A396B}.Debug|x86.Build.0 = Debug|Any CPU
		{22D1A92A-3A87-4A47-8584-83995C3A396B}.Release|Any CPU.ActiveCfg = Release|Any CPU
		{22D1A92A-3A87-4A47-8584-83995C3A396B}.Release|Any CPU.Build.0 = Release|Any CPU
		{22D1A92A-3A87-4A47-8584-83995C3A396B}.Release|x64.ActiveCfg = Release|Any CPU
		{22D1A92A-3A87-4A47-8584-83995C3A396B}.Release|x64.Build.0 = Release|Any CPU
		{22D1A92A-3A87-4A47-8584-83995C3A396B}.Release|x86.ActiveCfg = Release|Any CPU
		{22D1A92A-3A87-4A47-8584-83995C3A396B}.Release|x86.Build.0 = Release|Any CPU
		{996CB270-96B1-4B5A-9841-E26012BCB1D4}.Debug|Any CPU.ActiveCfg = Debug|Any CPU
		{996CB270-96B1-4B5A-9841-E26012BCB1D4}.Debug|Any CPU.Build.0 = Debug|Any CPU
		{996CB270-96B1-4B5A-9841-E26012BCB1D4}.Debug|x64.ActiveCfg = Debug|Any CPU
		{996CB270-96B1-4B5A-9841-E26012BCB1D4}.Debug|x64.Build.0 = Debug|Any CPU
		{996CB270-96B1-4B5A-9841-E26012BCB1D4}.Debug|x86.ActiveCfg = Debug|Any CPU
		{996CB270-96B1-4B5A-9841-E26012BCB1D4}.Debug|x86.Build.0 = Debug|Any CPU
		{996CB270-96B1-4B5A-9841-E26012BCB1D4}.Release|Any CPU.ActiveCfg = Release|Any CPU
		{996CB270-96B1-4B5A-9841-E26012BCB1D4}.Release|Any CPU.Build.0 = Release|Any CPU
		{996CB270-96B1-4B5A-9841-E26012BCB1D4}.Release|x64.ActiveCfg = Release|Any CPU
		{996CB270-96B1-4B5A-9841-E26012BCB1D4}.Release|x64.Build.0 = Release|Any CPU
		{996CB270-96B1-4B5A-9841-E26012BCB1D4}.Release|x86.ActiveCfg = Release|Any CPU
		{996CB270-96B1-4B5A-9841-E26012BCB1D4}.Release|x86.Build.0 = Release|Any CPU
	EndGlobalSection
	GlobalSection(NestedProjects) = preSolution
		{996CB270-96B1-4B5A-9841-E26012BCB1D4} = {2F5A6F50-8CC3-11EC-B1C2-4BEA1831320F}
		{22D1A92A-3A87-4A47-8584-83995C3A396B} = {B06E1E5A-F64F-4314-95F9-1D6A8BC66171}
		{B06E1E5A-F64F-4314-95F9-1D6A8BC66171} = {03805CD0-C859-11EA-90F1-E17C254A2970}
		{BC58A7E1-7955-4995-A4F7-7318E0B6C6C3} = {03805CD0-C859-11EA-90F1-E17C254A2970}
		{56829E6E-4619-474F-8F6A-179F397D8E72} = {03805CD0-C859-11EA-90F1-E17C254A2970}
		{2F5A6F50-8CC3-11EC-B1C2-4BEA1831320F} = {03805CD0-C859-11EA-90F1-E17C254A2970}
		{EB00E896-7B99-4196-8D9D-4959226B8CAB} = {EAC7FD60-8CBF-11EC-B1C2-4BEA1831320F}
		{EAC7FD60-8CBF-11EC-B1C2-4BEA1831320F} = {03805CD0-C859-11EA-90F1-E17C254A2970}
		{004D8010-FF94-4E9A-97A9-0819032931C6} = {2F5A6F50-8CC3-11EC-B1C2-4BEA1831320F}
		{79B1251E-5FD3-4DAE-927F-EF9E4D1D2F86} = {2F5A6F50-8CC3-11EC-B1C2-4BEA1831320F}
		{C9AEE1AF-30D3-4D03-A0BD-4091ACCFBB42} = {2F5A6F50-8CC3-11EC-B1C2-4BEA1831320F}
		{F0088AB7-1755-4C99-A01D-68B43B7EE900} = {2F5A6F50-8CC3-11EC-B1C2-4BEA1831320F}
		{4BDDC717-EE6B-4325-A343-8634E8C32C96} = {56829E6E-4619-474F-8F6A-179F397D8E72}
		{7A789CA3-C29D-4704-BD83-1F85B06C4C51} = {56829E6E-4619-474F-8F6A-179F397D8E72}
		{DAC672F9-217C-495B-A68B-FBF660B0B469} = {BC58A7E1-7955-4995-A4F7-7318E0B6C6C3}
		{E3128308-9C00-4D87-9FE9-469419F5C215} = {BC58A7E1-7955-4995-A4F7-7318E0B6C6C3}
	EndGlobalSection
EndGlobal
