
Microsoft Visual Studio Solution File, Format Version 12.00
# Visual Studio 15
VisualStudioVersion = 15.0.26124.0
MinimumVisualStudioVersion = 15.0.26124.0
Project("{2150E333-8FDC-42A3-9474-1A3956D46DE8}") = "IOBootstrap-NET", "IOBootstrap-NET", "{03805CD0-C859-11EA-90F1-E17C254A2970}"
EndProject
Project("{FAE04EC0-301F-11D3-BF4B-00C04F79EFBC}") = "IOBootstrap.NET.Application", "Application\IOBootstrap.NET.Application.csproj", "{004D8010-FF94-4E9A-97A9-0819032931C6}"
EndProject
Project("{FAE04EC0-301F-11D3-BF4B-00C04F79EFBC}") = "IOBootstrap.NET.BackOffice", "BackOffice\IOBootstrap.NET.BackOffice.csproj", "{79B1251E-5FD3-4DAE-927F-EF9E4D1D2F86}"
EndProject
Project("{FAE04EC0-301F-11D3-BF4B-00C04F79EFBC}") = "IOBootstrap.NET.Batch", "Batch\IOBootstrap.NET.Batch.csproj", "{366D07A1-0ABA-4A8F-ABE0-7BC8AD25122E}"
EndProject
Project("{FAE04EC0-301F-11D3-BF4B-00C04F79EFBC}") = "IOBootstrap.NET.Common", "Common\IOBootstrap.NET.Common.csproj", "{22AD1098-8BF7-487F-BB88-4B71B50043B0}"
EndProject
Project("{FAE04EC0-301F-11D3-BF4B-00C04F79EFBC}") = "IOBootstrap.NET.Core", "Core\IOBootstrap.NET.Core.csproj", "{C9AEE1AF-30D3-4D03-A0BD-4091ACCFBB42}"
EndProject
Project("{FAE04EC0-301F-11D3-BF4B-00C04F79EFBC}") = "IOBootstrap.NET.DataAccess", "DataAccess\IOBootstrap.NET.DataAccess.csproj", "{90E761BD-6203-4FE2-AE54-A70FDFB8B25B}"
EndProject
Project("{FAE04EC0-301F-11D3-BF4B-00C04F79EFBC}") = "IOBootstrap.NET.WebApi", "WebApi\IOBootstrap.NET.WebApi.csproj", "{F0088AB7-1755-4C99-A01D-68B43B7EE900}"
EndProject
Global
	GlobalSection(SolutionConfigurationPlatforms) = preSolution
		Debug|Any CPU = Debug|Any CPU
		Debug|x64 = Debug|x64
		Debug|x86 = Debug|x86
		Release|Any CPU = Release|Any CPU
		Release|x64 = Release|x64
		Release|x86 = Release|x86
	EndGlobalSection
	GlobalSection(SolutionProperties) = preSolution
		HideSolutionNode = FALSE
	EndGlobalSection
	GlobalSection(ProjectConfigurationPlatforms) = postSolution
		{004D8010-FF94-4E9A-97A9-0819032931C6}.Debug|Any CPU.ActiveCfg = Debug|Any CPU
		{004D8010-FF94-4E9A-97A9-0819032931C6}.Debug|Any CPU.Build.0 = Debug|Any CPU
		{004D8010-FF94-4E9A-97A9-0819032931C6}.Debug|x64.ActiveCfg = Debug|Any CPU
		{004D8010-FF94-4E9A-97A9-0819032931C6}.Debug|x64.Build.0 = Debug|Any CPU
		{004D8010-FF94-4E9A-97A9-0819032931C6}.Debug|x86.ActiveCfg = Debug|Any CPU
		{004D8010-FF94-4E9A-97A9-0819032931C6}.Debug|x86.Build.0 = Debug|Any CPU
		{004D8010-FF94-4E9A-97A9-0819032931C6}.Release|Any CPU.ActiveCfg = Release|Any CPU
		{004D8010-FF94-4E9A-97A9-0819032931C6}.Release|Any CPU.Build.0 = Release|Any CPU
		{004D8010-FF94-4E9A-97A9-0819032931C6}.Release|x64.ActiveCfg = Release|Any CPU
		{004D8010-FF94-4E9A-97A9-0819032931C6}.Release|x64.Build.0 = Release|Any CPU
		{004D8010-FF94-4E9A-97A9-0819032931C6}.Release|x86.ActiveCfg = Release|Any CPU
		{004D8010-FF94-4E9A-97A9-0819032931C6}.Release|x86.Build.0 = Release|Any CPU
		{79B1251E-5FD3-4DAE-927F-EF9E4D1D2F86}.Debug|Any CPU.ActiveCfg = Debug|Any CPU
		{79B1251E-5FD3-4DAE-927F-EF9E4D1D2F86}.Debug|Any CPU.Build.0 = Debug|Any CPU
		{79B1251E-5FD3-4DAE-927F-EF9E4D1D2F86}.Debug|x64.ActiveCfg = Debug|Any CPU
		{79B1251E-5FD3-4DAE-927F-EF9E4D1D2F86}.Debug|x64.Build.0 = Debug|Any CPU
		{79B1251E-5FD3-4DAE-927F-EF9E4D1D2F86}.Debug|x86.ActiveCfg = Debug|Any CPU
		{79B1251E-5FD3-4DAE-927F-EF9E4D1D2F86}.Debug|x86.Build.0 = Debug|Any CPU
		{79B1251E-5FD3-4DAE-927F-EF9E4D1D2F86}.Release|Any CPU.ActiveCfg = Release|Any CPU
		{79B1251E-5FD3-4DAE-927F-EF9E4D1D2F86}.Release|Any CPU.Build.0 = Release|Any CPU
		{79B1251E-5FD3-4DAE-927F-EF9E4D1D2F86}.Release|x64.ActiveCfg = Release|Any CPU
		{79B1251E-5FD3-4DAE-927F-EF9E4D1D2F86}.Release|x64.Build.0 = Release|Any CPU
		{79B1251E-5FD3-4DAE-927F-EF9E4D1D2F86}.Release|x86.ActiveCfg = Release|Any CPU
		{79B1251E-5FD3-4DAE-927F-EF9E4D1D2F86}.Release|x86.Build.0 = Release|Any CPU
		{366D07A1-0ABA-4A8F-ABE0-7BC8AD25122E}.Debug|Any CPU.ActiveCfg = Debug|Any CPU
		{366D07A1-0ABA-4A8F-ABE0-7BC8AD25122E}.Debug|Any CPU.Build.0 = Debug|Any CPU
		{366D07A1-0ABA-4A8F-ABE0-7BC8AD25122E}.Debug|x64.ActiveCfg = Debug|Any CPU
		{366D07A1-0ABA-4A8F-ABE0-7BC8AD25122E}.Debug|x64.Build.0 = Debug|Any CPU
		{366D07A1-0ABA-4A8F-ABE0-7BC8AD25122E}.Debug|x86.ActiveCfg = Debug|Any CPU
		{366D07A1-0ABA-4A8F-ABE0-7BC8AD25122E}.Debug|x86.Build.0 = Debug|Any CPU
		{366D07A1-0ABA-4A8F-ABE0-7BC8AD25122E}.Release|Any CPU.ActiveCfg = Release|Any CPU
		{366D07A1-0ABA-4A8F-ABE0-7BC8AD25122E}.Release|Any CPU.Build.0 = Release|Any CPU
		{366D07A1-0ABA-4A8F-ABE0-7BC8AD25122E}.Release|x64.ActiveCfg = Release|Any CPU
		{366D07A1-0ABA-4A8F-ABE0-7BC8AD25122E}.Release|x64.Build.0 = Release|Any CPU
		{366D07A1-0ABA-4A8F-ABE0-7BC8AD25122E}.Release|x86.ActiveCfg = Release|Any CPU
		{366D07A1-0ABA-4A8F-ABE0-7BC8AD25122E}.Release|x86.Build.0 = Release|Any CPU
		{22AD1098-8BF7-487F-BB88-4B71B50043B0}.Debug|Any CPU.ActiveCfg = Debug|Any CPU
		{22AD1098-8BF7-487F-BB88-4B71B50043B0}.Debug|Any CPU.Build.0 = Debug|Any CPU
		{22AD1098-8BF7-487F-BB88-4B71B50043B0}.Debug|x64.ActiveCfg = Debug|Any CPU
		{22AD1098-8BF7-487F-BB88-4B71B50043B0}.Debug|x64.Build.0 = Debug|Any CPU
		{22AD1098-8BF7-487F-BB88-4B71B50043B0}.Debug|x86.ActiveCfg = Debug|Any CPU
		{22AD1098-8BF7-487F-BB88-4B71B50043B0}.Debug|x86.Build.0 = Debug|Any CPU
		{22AD1098-8BF7-487F-BB88-4B71B50043B0}.Release|Any CPU.ActiveCfg = Release|Any CPU
		{22AD1098-8BF7-487F-BB88-4B71B50043B0}.Release|Any CPU.Build.0 = Release|Any CPU
		{22AD1098-8BF7-487F-BB88-4B71B50043B0}.Release|x64.ActiveCfg = Release|Any CPU
		{22AD1098-8BF7-487F-BB88-4B71B50043B0}.Release|x64.Build.0 = Release|Any CPU
		{22AD1098-8BF7-487F-BB88-4B71B50043B0}.Release|x86.ActiveCfg = Release|Any CPU
		{22AD1098-8BF7-487F-BB88-4B71B50043B0}.Release|x86.Build.0 = Release|Any CPU
		{C9AEE1AF-30D3-4D03-A0BD-4091ACCFBB42}.Debug|Any CPU.ActiveCfg = Debug|Any CPU
		{C9AEE1AF-30D3-4D03-A0BD-4091ACCFBB42}.Debug|Any CPU.Build.0 = Debug|Any CPU
		{C9AEE1AF-30D3-4D03-A0BD-4091ACCFBB42}.Debug|x64.ActiveCfg = Debug|Any CPU
		{C9AEE1AF-30D3-4D03-A0BD-4091ACCFBB42}.Debug|x64.Build.0 = Debug|Any CPU
		{C9AEE1AF-30D3-4D03-A0BD-4091ACCFBB42}.Debug|x86.ActiveCfg = Debug|Any CPU
		{C9AEE1AF-30D3-4D03-A0BD-4091ACCFBB42}.Debug|x86.Build.0 = Debug|Any CPU
		{C9AEE1AF-30D3-4D03-A0BD-4091ACCFBB42}.Release|Any CPU.ActiveCfg = Release|Any CPU
		{C9AEE1AF-30D3-4D03-A0BD-4091ACCFBB42}.Release|Any CPU.Build.0 = Release|Any CPU
		{C9AEE1AF-30D3-4D03-A0BD-4091ACCFBB42}.Release|x64.ActiveCfg = Release|Any CPU
		{C9AEE1AF-30D3-4D03-A0BD-4091ACCFBB42}.Release|x64.Build.0 = Release|Any CPU
		{C9AEE1AF-30D3-4D03-A0BD-4091ACCFBB42}.Release|x86.ActiveCfg = Release|Any CPU
		{C9AEE1AF-30D3-4D03-A0BD-4091ACCFBB42}.Release|x86.Build.0 = Release|Any CPU
		{90E761BD-6203-4FE2-AE54-A70FDFB8B25B}.Debug|Any CPU.ActiveCfg = Debug|Any CPU
		{90E761BD-6203-4FE2-AE54-A70FDFB8B25B}.Debug|Any CPU.Build.0 = Debug|Any CPU
		{90E761BD-6203-4FE2-AE54-A70FDFB8B25B}.Debug|x64.ActiveCfg = Debug|Any CPU
		{90E761BD-6203-4FE2-AE54-A70FDFB8B25B}.Debug|x64.Build.0 = Debug|Any CPU
		{90E761BD-6203-4FE2-AE54-A70FDFB8B25B}.Debug|x86.ActiveCfg = Debug|Any CPU
		{90E761BD-6203-4FE2-AE54-A70FDFB8B25B}.Debug|x86.Build.0 = Debug|Any CPU
		{90E761BD-6203-4FE2-AE54-A70FDFB8B25B}.Release|Any CPU.ActiveCfg = Release|Any CPU
		{90E761BD-6203-4FE2-AE54-A70FDFB8B25B}.Release|Any CPU.Build.0 = Release|Any CPU
		{90E761BD-6203-4FE2-AE54-A70FDFB8B25B}.Release|x64.ActiveCfg = Release|Any CPU
		{90E761BD-6203-4FE2-AE54-A70FDFB8B25B}.Release|x64.Build.0 = Release|Any CPU
		{90E761BD-6203-4FE2-AE54-A70FDFB8B25B}.Release|x86.ActiveCfg = Release|Any CPU
		{90E761BD-6203-4FE2-AE54-A70FDFB8B25B}.Release|x86.Build.0 = Release|Any CPU
		{F0088AB7-1755-4C99-A01D-68B43B7EE900}.Debug|Any CPU.ActiveCfg = Debug|Any CPU
		{F0088AB7-1755-4C99-A01D-68B43B7EE900}.Debug|Any CPU.Build.0 = Debug|Any CPU
		{F0088AB7-1755-4C99-A01D-68B43B7EE900}.Debug|x64.ActiveCfg = Debug|Any CPU
		{F0088AB7-1755-4C99-A01D-68B43B7EE900}.Debug|x64.Build.0 = Debug|Any CPU
		{F0088AB7-1755-4C99-A01D-68B43B7EE900}.Debug|x86.ActiveCfg = Debug|Any CPU
		{F0088AB7-1755-4C99-A01D-68B43B7EE900}.Debug|x86.Build.0 = Debug|Any CPU
		{F0088AB7-1755-4C99-A01D-68B43B7EE900}.Release|Any CPU.ActiveCfg = Release|Any CPU
		{F0088AB7-1755-4C99-A01D-68B43B7EE900}.Release|Any CPU.Build.0 = Release|Any CPU
		{F0088AB7-1755-4C99-A01D-68B43B7EE900}.Release|x64.ActiveCfg = Release|Any CPU
		{F0088AB7-1755-4C99-A01D-68B43B7EE900}.Release|x64.Build.0 = Release|Any CPU
		{F0088AB7-1755-4C99-A01D-68B43B7EE900}.Release|x86.ActiveCfg = Release|Any CPU
		{F0088AB7-1755-4C99-A01D-68B43B7EE900}.Release|x86.Build.0 = Release|Any CPU
	EndGlobalSection
	GlobalSection(NestedProjects) = preSolution
		{004D8010-FF94-4E9A-97A9-0819032931C6} = {03805CD0-C859-11EA-90F1-E17C254A2970}
		{79B1251E-5FD3-4DAE-927F-EF9E4D1D2F86} = {03805CD0-C859-11EA-90F1-E17C254A2970}
		{366D07A1-0ABA-4A8F-ABE0-7BC8AD25122E} = {03805CD0-C859-11EA-90F1-E17C254A2970}
		{22AD1098-8BF7-487F-BB88-4B71B50043B0} = {03805CD0-C859-11EA-90F1-E17C254A2970}
		{C9AEE1AF-30D3-4D03-A0BD-4091ACCFBB42} = {03805CD0-C859-11EA-90F1-E17C254A2970}
		{90E761BD-6203-4FE2-AE54-A70FDFB8B25B} = {03805CD0-C859-11EA-90F1-E17C254A2970}
		{F0088AB7-1755-4C99-A01D-68B43B7EE900} = {03805CD0-C859-11EA-90F1-E17C254A2970}
	EndGlobalSection
EndGlobal
